// !$*UTF8*$!
{
	archiveVersion = 1;
	classes = {
	};
	objectVersion = 50;
	objects = {

/* Begin PBXBuildFile section */
		3F7E5E5423CDFC2A00AF818F /* AppDelegate.swift in Sources */ = {isa = PBXBuildFile; fileRef = 3F7E5E5323CDFC2A00AF818F /* AppDelegate.swift */; };
		3F7E5E5623CDFC2A00AF818F /* ViewController.swift in Sources */ = {isa = PBXBuildFile; fileRef = 3F7E5E5523CDFC2A00AF818F /* ViewController.swift */; };
		3F7E5E5923CDFC2A00AF818F /* Main.storyboard in Resources */ = {isa = PBXBuildFile; fileRef = 3F7E5E5723CDFC2A00AF818F /* Main.storyboard */; };
		3F7E5E5B23CDFC2C00AF818F /* Assets.xcassets in Resources */ = {isa = PBXBuildFile; fileRef = 3F7E5E5A23CDFC2C00AF818F /* Assets.xcassets */; };
		3F7E5E5E23CDFC2C00AF818F /* LaunchScreen.storyboard in Resources */ = {isa = PBXBuildFile; fileRef = 3F7E5E5C23CDFC2C00AF818F /* LaunchScreen.storyboard */; };
		3F7E5E6923CDFC2C00AF818F /* HBOTests.swift in Sources */ = {isa = PBXBuildFile; fileRef = 3F7E5E6823CDFC2C00AF818F /* HBOTests.swift */; };
		3F7E5E7423CDFC2C00AF818F /* HBOUITests.swift in Sources */ = {isa = PBXBuildFile; fileRef = 3F7E5E7323CDFC2C00AF818F /* HBOUITests.swift */; };
/* End PBXBuildFile section */

/* Begin PBXContainerItemProxy section */
		3F7E5E6523CDFC2C00AF818F /* PBXContainerItemProxy */ = {
			isa = PBXContainerItemProxy;
			containerPortal = 3F7E5E4823CDFC2A00AF818F /* Project object */;
			proxyType = 1;
			remoteGlobalIDString = 3F7E5E4F23CDFC2A00AF818F;
			remoteInfo = HBO;
		};
		3F7E5E7023CDFC2C00AF818F /* PBXContainerItemProxy */ = {
			isa = PBXContainerItemProxy;
			containerPortal = 3F7E5E4823CDFC2A00AF818F /* Project object */;
			proxyType = 1;
			remoteGlobalIDString = 3F7E5E4F23CDFC2A00AF818F;
			remoteInfo = HBO;
		};
/* End PBXContainerItemProxy section */

/* Begin PBXFileReference section */
		3F7E5E5023CDFC2A00AF818F /* HBO.app */ = {isa = PBXFileReference; explicitFileType = wrapper.application; includeInIndex = 0; path = HBO.app; sourceTree = BUILT_PRODUCTS_DIR; };
		3F7E5E5323CDFC2A00AF818F /* AppDelegate.swift */ = {isa = PBXFileReference; lastKnownFileType = sourcecode.swift; path = AppDelegate.swift; sourceTree = "<group>"; };
		3F7E5E5523CDFC2A00AF818F /* ViewController.swift */ = {isa = PBXFileReference; lastKnownFileType = sourcecode.swift; path = ViewController.swift; sourceTree = "<group>"; };
		3F7E5E5823CDFC2A00AF818F /* Base */ = {isa = PBXFileReference; lastKnownFileType = file.storyboard; name = Base; path = Base.lproj/Main.storyboard; sourceTree = "<group>"; };
		3F7E5E5A23CDFC2C00AF818F /* Assets.xcassets */ = {isa = PBXFileReference; lastKnownFileType = folder.assetcatalog; path = Assets.xcassets; sourceTree = "<group>"; };
		3F7E5E5D23CDFC2C00AF818F /* Base */ = {isa = PBXFileReference; lastKnownFileType = file.storyboard; name = Base; path = Base.lproj/LaunchScreen.storyboard; sourceTree = "<group>"; };
		3F7E5E5F23CDFC2C00AF818F /* Info.plist */ = {isa = PBXFileReference; lastKnownFileType = text.plist.xml; path = Info.plist; sourceTree = "<group>"; };
		3F7E5E6423CDFC2C00AF818F /* HBOTests.xctest */ = {isa = PBXFileReference; explicitFileType = wrapper.cfbundle; includeInIndex = 0; path = HBOTests.xctest; sourceTree = BUILT_PRODUCTS_DIR; };
		3F7E5E6823CDFC2C00AF818F /* HBOTests.swift */ = {isa = PBXFileReference; lastKnownFileType = sourcecode.swift; path = HBOTests.swift; sourceTree = "<group>"; };
		3F7E5E6A23CDFC2C00AF818F /* Info.plist */ = {isa = PBXFileReference; lastKnownFileType = text.plist.xml; path = Info.plist; sourceTree = "<group>"; };
		3F7E5E6F23CDFC2C00AF818F /* HBOUITests.xctest */ = {isa = PBXFileReference; explicitFileType = wrapper.cfbundle; includeInIndex = 0; path = HBOUITests.xctest; sourceTree = BUILT_PRODUCTS_DIR; };
		3F7E5E7323CDFC2C00AF818F /* HBOUITests.swift */ = {isa = PBXFileReference; lastKnownFileType = sourcecode.swift; path = HBOUITests.swift; sourceTree = "<group>"; };
		3F7E5E7523CDFC2C00AF818F /* Info.plist */ = {isa = PBXFileReference; lastKnownFileType = text.plist.xml; path = Info.plist; sourceTree = "<group>"; };
/* End PBXFileReference section */

/* Begin PBXFrameworksBuildPhase section */
		3F7E5E4D23CDFC2A00AF818F /* Frameworks */ = {
			isa = PBXFrameworksBuildPhase;
			buildActionMask = 2147483647;
			files = (
			);
			runOnlyForDeploymentPostprocessing = 0;
		};
		3F7E5E6123CDFC2C00AF818F /* Frameworks */ = {
			isa = PBXFrameworksBuildPhase;
			buildActionMask = 2147483647;
			files = (
			);
			runOnlyForDeploymentPostprocessing = 0;
		};
		3F7E5E6C23CDFC2C00AF818F /* Frameworks */ = {
			isa = PBXFrameworksBuildPhase;
			buildActionMask = 2147483647;
			files = (
			);
			runOnlyForDeploymentPostprocessing = 0;
		};
/* End PBXFrameworksBuildPhase section */

/* Begin PBXGroup section */
		3F7E5E4723CDFC2A00AF818F = {
			isa = PBXGroup;
			children = (
				3F7E5E5223CDFC2A00AF818F /* HBO */,
				3F7E5E6723CDFC2C00AF818F /* HBOTests */,
				3F7E5E7223CDFC2C00AF818F /* HBOUITests */,
				3F7E5E5123CDFC2A00AF818F /* Products */,
			);
			sourceTree = "<group>";
		};
		3F7E5E5123CDFC2A00AF818F /* Products */ = {
			isa = PBXGroup;
			children = (
				3F7E5E5023CDFC2A00AF818F /* HBO.app */,
				3F7E5E6423CDFC2C00AF818F /* HBOTests.xctest */,
				3F7E5E6F23CDFC2C00AF818F /* HBOUITests.xctest */,
			);
			name = Products;
			sourceTree = "<group>";
		};
		3F7E5E5223CDFC2A00AF818F /* HBO */ = {
			isa = PBXGroup;
			children = (
				3F7E5E5323CDFC2A00AF818F /* AppDelegate.swift */,
				3F7E5E5523CDFC2A00AF818F /* ViewController.swift */,
				3F7E5E5723CDFC2A00AF818F /* Main.storyboard */,
				3F7E5E5A23CDFC2C00AF818F /* Assets.xcassets */,
				3F7E5E5C23CDFC2C00AF818F /* LaunchScreen.storyboard */,
				3F7E5E5F23CDFC2C00AF818F /* Info.plist */,
			);
			path = HBO;
			sourceTree = "<group>";
		};
		3F7E5E6723CDFC2C00AF818F /* HBOTests */ = {
			isa = PBXGroup;
			children = (
				3F7E5E6823CDFC2C00AF818F /* HBOTests.swift */,
				3F7E5E6A23CDFC2C00AF818F /* Info.plist */,
			);
			path = HBOTests;
			sourceTree = "<group>";
		};
		3F7E5E7223CDFC2C00AF818F /* HBOUITests */ = {
			isa = PBXGroup;
			children = (
				3F7E5E7323CDFC2C00AF818F /* HBOUITests.swift */,
				3F7E5E7523CDFC2C00AF818F /* Info.plist */,
			);
			path = HBOUITests;
			sourceTree = "<group>";
		};
/* End PBXGroup section */

/* Begin PBXNativeTarget section */
		3F7E5E4F23CDFC2A00AF818F /* HBO */ = {
			isa = PBXNativeTarget;
			buildConfigurationList = 3F7E5E7823CDFC2C00AF818F /* Build configuration list for PBXNativeTarget "HBO" */;
			buildPhases = (
				3F7E5E4C23CDFC2A00AF818F /* Sources */,
				3F7E5E4D23CDFC2A00AF818F /* Frameworks */,
				3F7E5E4E23CDFC2A00AF818F /* Resources */,
			);
			buildRules = (
			);
			dependencies = (
			);
			name = HBO;
			productName = HBO;
			productReference = 3F7E5E5023CDFC2A00AF818F /* HBO.app */;
			productType = "com.apple.product-type.application";
		};
		3F7E5E6323CDFC2C00AF818F /* HBOTests */ = {
			isa = PBXNativeTarget;
			buildConfigurationList = 3F7E5E7B23CDFC2C00AF818F /* Build configuration list for PBXNativeTarget "HBOTests" */;
			buildPhases = (
				3F7E5E6023CDFC2C00AF818F /* Sources */,
				3F7E5E6123CDFC2C00AF818F /* Frameworks */,
				3F7E5E6223CDFC2C00AF818F /* Resources */,
			);
			buildRules = (
			);
			dependencies = (
				3F7E5E6623CDFC2C00AF818F /* PBXTargetDependency */,
			);
			name = HBOTests;
			productName = HBOTests;
			productReference = 3F7E5E6423CDFC2C00AF818F /* HBOTests.xctest */;
			productType = "com.apple.product-type.bundle.unit-test";
		};
		3F7E5E6E23CDFC2C00AF818F /* HBOUITests */ = {
			isa = PBXNativeTarget;
			buildConfigurationList = 3F7E5E7E23CDFC2C00AF818F /* Build configuration list for PBXNativeTarget "HBOUITests" */;
			buildPhases = (
				3F7E5E6B23CDFC2C00AF818F /* Sources */,
				3F7E5E6C23CDFC2C00AF818F /* Frameworks */,
				3F7E5E6D23CDFC2C00AF818F /* Resources */,
			);
			buildRules = (
			);
			dependencies = (
				3F7E5E7123CDFC2C00AF818F /* PBXTargetDependency */,
			);
			name = HBOUITests;
			productName = HBOUITests;
			productReference = 3F7E5E6F23CDFC2C00AF818F /* HBOUITests.xctest */;
			productType = "com.apple.product-type.bundle.ui-testing";
		};
/* End PBXNativeTarget section */

/* Begin PBXProject section */
		3F7E5E4823CDFC2A00AF818F /* Project object */ = {
			isa = PBXProject;
			attributes = {
				LastSwiftUpdateCheck = 1030;
				LastUpgradeCheck = 1030;
				ORGANIZATIONNAME = STUDENT;
				TargetAttributes = {
					3F7E5E4F23CDFC2A00AF818F = {
						CreatedOnToolsVersion = 10.3;
					};
					3F7E5E6323CDFC2C00AF818F = {
						CreatedOnToolsVersion = 10.3;
						TestTargetID = 3F7E5E4F23CDFC2A00AF818F;
					};
					3F7E5E6E23CDFC2C00AF818F = {
						CreatedOnToolsVersion = 10.3;
						TestTargetID = 3F7E5E4F23CDFC2A00AF818F;
					};
				};
			};
			buildConfigurationList = 3F7E5E4B23CDFC2A00AF818F /* Build configuration list for PBXProject "HBO" */;
			compatibilityVersion = "Xcode 9.3";
			developmentRegion = en;
			hasScannedForEncodings = 0;
			knownRegions = (
				en,
				Base,
			);
			mainGroup = 3F7E5E4723CDFC2A00AF818F;
			productRefGroup = 3F7E5E5123CDFC2A00AF818F /* Products */;
			projectDirPath = "";
			projectRoot = "";
			targets = (
				3F7E5E4F23CDFC2A00AF818F /* HBO */,
				3F7E5E6323CDFC2C00AF818F /* HBOTests */,
				3F7E5E6E23CDFC2C00AF818F /* HBOUITests */,
			);
		};
/* End PBXProject section */

/* Begin PBXResourcesBuildPhase section */
		3F7E5E4E23CDFC2A00AF818F /* Resources */ = {
			isa = PBXResourcesBuildPhase;
			buildActionMask = 2147483647;
			files = (
				3F7E5E5E23CDFC2C00AF818F /* LaunchScreen.storyboard in Resources */,
				3F7E5E5B23CDFC2C00AF818F /* Assets.xcassets in Resources */,
				3F7E5E5923CDFC2A00AF818F /* Main.storyboard in Resources */,
			);
			runOnlyForDeploymentPostprocessing = 0;
		};
		3F7E5E6223CDFC2C00AF818F /* Resources */ = {
			isa = PBXResourcesBuildPhase;
			buildActionMask = 2147483647;
			files = (
			);
			runOnlyForDeploymentPostprocessing = 0;
		};
		3F7E5E6D23CDFC2C00AF818F /* Resources */ = {
			isa = PBXResourcesBuildPhase;
			buildActionMask = 2147483647;
			files = (
			);
			runOnlyForDeploymentPostprocessing = 0;
		};
/* End PBXResourcesBuildPhase section */

/* Begin PBXSourcesBuildPhase section */
		3F7E5E4C23CDFC2A00AF818F /* Sources */ = {
			isa = PBXSourcesBuildPhase;
			buildActionMask = 2147483647;
			files = (
				3F7E5E5623CDFC2A00AF818F /* ViewController.swift in Sources */,
				3F7E5E5423CDFC2A00AF818F /* AppDelegate.swift in Sources */,
			);
			runOnlyForDeploymentPostprocessing = 0;
		};
		3F7E5E6023CDFC2C00AF818F /* Sources */ = {
			isa = PBXSourcesBuildPhase;
			buildActionMask = 2147483647;
			files = (
				3F7E5E6923CDFC2C00AF818F /* HBOTests.swift in Sources */,
			);
			runOnlyForDeploymentPostprocessing = 0;
		};
		3F7E5E6B23CDFC2C00AF818F /* Sources */ = {
			isa = PBXSourcesBuildPhase;
			buildActionMask = 2147483647;
			files = (
				3F7E5E7423CDFC2C00AF818F /* HBOUITests.swift in Sources */,
			);
			runOnlyForDeploymentPostprocessing = 0;
		};
/* End PBXSourcesBuildPhase section */

/* Begin PBXTargetDependency section */
		3F7E5E6623CDFC2C00AF818F /* PBXTargetDependency */ = {
			isa = PBXTargetDependency;
			target = 3F7E5E4F23CDFC2A00AF818F /* HBO */;
			targetProxy = 3F7E5E6523CDFC2C00AF818F /* PBXContainerItemProxy */;
		};
		3F7E5E7123CDFC2C00AF818F /* PBXTargetDependency */ = {
			isa = PBXTargetDependency;
			target = 3F7E5E4F23CDFC2A00AF818F /* HBO */;
			targetProxy = 3F7E5E7023CDFC2C00AF818F /* PBXContainerItemProxy */;
		};
/* End PBXTargetDependency section */

/* Begin PBXVariantGroup section */
		3F7E5E5723CDFC2A00AF818F /* Main.storyboard */ = {
			isa = PBXVariantGroup;
			children = (
				3F7E5E5823CDFC2A00AF818F /* Base */,
			);
			name = Main.storyboard;
			sourceTree = "<group>";
		};
		3F7E5E5C23CDFC2C00AF818F /* LaunchScreen.storyboard */ = {
			isa = PBXVariantGroup;
			children = (
				3F7E5E5D23CDFC2C00AF818F /* Base */,
			);
			name = LaunchScreen.storyboard;
			sourceTree = "<group>";
		};
/* End PBXVariantGroup section */

/* Begin XCBuildConfiguration section */
		3F7E5E7623CDFC2C00AF818F /* Debug */ = {
			isa = XCBuildConfiguration;
			buildSettings = {
				ALWAYS_SEARCH_USER_PATHS = NO;
				CLANG_ANALYZER_NONNULL = YES;
				CLANG_ANALYZER_NUMBER_OBJECT_CONVERSION = YES_AGGRESSIVE;
				CLANG_CXX_LANGUAGE_STANDARD = "gnu++14";
				CLANG_CXX_LIBRARY = "libc++";
				CLANG_ENABLE_MODULES = YES;
				CLANG_ENABLE_OBJC_ARC = YES;
				CLANG_ENABLE_OBJC_WEAK = YES;
				CLANG_WARN_BLOCK_CAPTURE_AUTORELEASING = YES;
				CLANG_WARN_BOOL_CONVERSION = YES;
				CLANG_WARN_COMMA = YES;
				CLANG_WARN_CONSTANT_CONVERSION = YES;
				CLANG_WARN_DEPRECATED_OBJC_IMPLEMENTATIONS = YES;
				CLANG_WARN_DIRECT_OBJC_ISA_USAGE = YES_ERROR;
				CLANG_WARN_DOCUMENTATION_COMMENTS = YES;
				CLANG_WARN_EMPTY_BODY = YES;
				CLANG_WARN_ENUM_CONVERSION = YES;
				CLANG_WARN_INFINITE_RECURSION = YES;
				CLANG_WARN_INT_CONVERSION = YES;
				CLANG_WARN_NON_LITERAL_NULL_CONVERSION = YES;
				CLANG_WARN_OBJC_IMPLICIT_RETAIN_SELF = YES;
				CLANG_WARN_OBJC_LITERAL_CONVERSION = YES;
				CLANG_WARN_OBJC_ROOT_CLASS = YES_ERROR;
				CLANG_WARN_RANGE_LOOP_ANALYSIS = YES;
				CLANG_WARN_STRICT_PROTOTYPES = YES;
				CLANG_WARN_SUSPICIOUS_MOVE = YES;
				CLANG_WARN_UNGUARDED_AVAILABILITY = YES_AGGRESSIVE;
				CLANG_WARN_UNREACHABLE_CODE = YES;
				CLANG_WARN__DUPLICATE_METHOD_MATCH = YES;
				CODE_SIGN_IDENTITY = "iPhone Developer";
				COPY_PHASE_STRIP = NO;
				DEBUG_INFORMATION_FORMAT = dwarf;
				ENABLE_STRICT_OBJC_MSGSEND = YES;
				ENABLE_TESTABILITY = YES;
				GCC_C_LANGUAGE_STANDARD = gnu11;
				GCC_DYNAMIC_NO_PIC = NO;
				GCC_NO_COMMON_BLOCKS = YES;
				GCC_OPTIMIZATION_LEVEL = 0;
				GCC_PREPROCESSOR_DEFINITIONS = (
					"DEBUG=1",
					"$(inherited)",
				);
				GCC_WARN_64_TO_32_BIT_CONVERSION = YES;
				GCC_WARN_ABOUT_RETURN_TYPE = YES_ERROR;
				GCC_WARN_UNDECLARED_SELECTOR = YES;
				GCC_WARN_UNINITIALIZED_AUTOS = YES_AGGRESSIVE;
				GCC_WARN_UNUSED_FUNCTION = YES;
				GCC_WARN_UNUSED_VARIABLE = YES;
				IPHONEOS_DEPLOYMENT_TARGET = 12.4;
				MTL_ENABLE_DEBUG_INFO = INCLUDE_SOURCE;
				MTL_FAST_MATH = YES;
				ONLY_ACTIVE_ARCH = YES;
				SDKROOT = iphoneos;
				SWIFT_ACTIVE_COMPILATION_CONDITIONS = DEBUG;
				SWIFT_OPTIMIZATION_LEVEL = "-Onone";
			};
			name = Debug;
		};
		3F7E5E7723CDFC2C00AF818F /* Release */ = {
			isa = XCBuildConfiguration;
			buildSettings = {
				ALWAYS_SEARCH_USER_PATHS = NO;
				CLANG_ANALYZER_NONNULL = YES;
				CLANG_ANALYZER_NUMBER_OBJECT_CONVERSION = YES_AGGRESSIVE;
				CLANG_CXX_LANGUAGE_STANDARD = "gnu++14";
				CLANG_CXX_LIBRARY = "libc++";
				CLANG_ENABLE_MODULES = YES;
				CLANG_ENABLE_OBJC_ARC = YES;
				CLANG_ENABLE_OBJC_WEAK = YES;
				CLANG_WARN_BLOCK_CAPTURE_AUTORELEASING = YES;
				CLANG_WARN_BOOL_CONVERSION = YES;
				CLANG_WARN_COMMA = YES;
				CLANG_WARN_CONSTANT_CONVERSION = YES;
				CLANG_WARN_DEPRECATED_OBJC_IMPLEMENTATIONS = YES;
				CLANG_WARN_DIRECT_OBJC_ISA_USAGE = YES_ERROR;
				CLANG_WARN_DOCUMENTATION_COMMENTS = YES;
				CLANG_WARN_EMPTY_BODY = YES;
				CLANG_WARN_ENUM_CONVERSION = YES;
				CLANG_WARN_INFINITE_RECURSION = YES;
				CLANG_WARN_INT_CONVERSION = YES;
				CLANG_WARN_NON_LITERAL_NULL_CONVERSION = YES;
				CLANG_WARN_OBJC_IMPLICIT_RETAIN_SELF = YES;
				CLANG_WARN_OBJC_LITERAL_CONVERSION = YES;
				CLANG_WARN_OBJC_ROOT_CLASS = YES_ERROR;
				CLANG_WARN_RANGE_LOOP_ANALYSIS = YES;
				CLANG_WARN_STRICT_PROTOTYPES = YES;
				CLANG_WARN_SUSPICIOUS_MOVE = YES;
				CLANG_WARN_UNGUARDED_AVAILABILITY = YES_AGGRESSIVE;
				CLANG_WARN_UNREACHABLE_CODE = YES;
				CLANG_WARN__DUPLICATE_METHOD_MATCH = YES;
				CODE_SIGN_IDENTITY = "iPhone Developer";
				COPY_PHASE_STRIP = NO;
				DEBUG_INFORMATION_FORMAT = "dwarf-with-dsym";
				ENABLE_NS_ASSERTIONS = NO;
				ENABLE_STRICT_OBJC_MSGSEND = YES;
				GCC_C_LANGUAGE_STANDARD = gnu11;
				GCC_NO_COMMON_BLOCKS = YES;
				GCC_WARN_64_TO_32_BIT_CONVERSION = YES;
				GCC_WARN_ABOUT_RETURN_TYPE = YES_ERROR;
				GCC_WARN_UNDECLARED_SELECTOR = YES;
				GCC_WARN_UNINITIALIZED_AUTOS = YES_AGGRESSIVE;
				GCC_WARN_UNUSED_FUNCTION = YES;
				GCC_WARN_UNUSED_VARIABLE = YES;
				IPHONEOS_DEPLOYMENT_TARGET = 12.4;
				MTL_ENABLE_DEBUG_INFO = NO;
				MTL_FAST_MATH = YES;
				SDKROOT = iphoneos;
				SWIFT_COMPILATION_MODE = wholemodule;
				SWIFT_OPTIMIZATION_LEVEL = "-O";
				VALIDATE_PRODUCT = YES;
			};
			name = Release;
		};
		3F7E5E7923CDFC2C00AF818F /* Debug */ = {
			isa = XCBuildConfiguration;
			buildSettings = {
				ASSETCATALOG_COMPILER_APPICON_NAME = AppIcon;
				CODE_SIGN_STYLE = Automatic;
				INFOPLIST_FILE = HBO/Info.plist;
				LD_RUNPATH_SEARCH_PATHS = (
					"$(inherited)",
					"@executable_path/Frameworks",
				);
				PRODUCT_BUNDLE_IDENTIFIER = com.hbo.mobileApp.HBO;
				PRODUCT_NAME = "$(TARGET_NAME)";
				SWIFT_VERSION = 5.0;
				TARGETED_DEVICE_FAMILY = "1,2";
			};
			name = Debug;
		};
		3F7E5E7A23CDFC2C00AF818F /* Release */ = {
			isa = XCBuildConfiguration;
			buildSettings = {
				ASSETCATALOG_COMPILER_APPICON_NAME = AppIcon;
				CODE_SIGN_STYLE = Automatic;
				INFOPLIST_FILE = HBO/Info.plist;
				LD_RUNPATH_SEARCH_PATHS = (
					"$(inherited)",
					"@executable_path/Frameworks",
				);
				PRODUCT_BUNDLE_IDENTIFIER = com.hbo.mobileApp.HBO;
				PRODUCT_NAME = "$(TARGET_NAME)";
				SWIFT_VERSION = 5.0;
				TARGETED_DEVICE_FAMILY = "1,2";
			};
			name = Release;
		};
		3F7E5E7C23CDFC2C00AF818F /* Debug */ = {
			isa = XCBuildConfiguration;
			buildSettings = {
				ALWAYS_EMBED_SWIFT_STANDARD_LIBRARIES = YES;
				BUNDLE_LOADER = "$(TEST_HOST)";
				CODE_SIGN_STYLE = Automatic;
				INFOPLIST_FILE = HBOTests/Info.plist;
				LD_RUNPATH_SEARCH_PATHS = (
					"$(inherited)",
					"@executable_path/Frameworks",
					"@loader_path/Frameworks",
				);
				PRODUCT_BUNDLE_IDENTIFIER = com.hbo.mobileApp.HBOTests;
				PRODUCT_NAME = "$(TARGET_NAME)";
				SWIFT_VERSION = 5.0;
				TARGETED_DEVICE_FAMILY = "1,2";
				TEST_HOST = "$(BUILT_PRODUCTS_DIR)/HBO.app/HBO";
			};
			name = Debug;
		};
		3F7E5E7D23CDFC2C00AF818F /* Release */ = {
			isa = XCBuildConfiguration;
			buildSettings = {
				ALWAYS_EMBED_SWIFT_STANDARD_LIBRARIES = YES;
				BUNDLE_LOADER = "$(TEST_HOST)";
				CODE_SIGN_STYLE = Automatic;
				INFOPLIST_FILE = HBOTests/Info.plist;
				LD_RUNPATH_SEARCH_PATHS = (
					"$(inherited)",
					"@executable_path/Frameworks",
					"@loader_path/Frameworks",
				);
				PRODUCT_BUNDLE_IDENTIFIER = com.hbo.mobileApp.HBOTests;
				PRODUCT_NAME = "$(TARGET_NAME)";
				SWIFT_VERSION = 5.0;
				TARGETED_DEVICE_FAMILY = "1,2";
				TEST_HOST = "$(BUILT_PRODUCTS_DIR)/HBO.app/HBO";
			};
			name = Release;
		};
		3F7E5E7F23CDFC2C00AF818F /* Debug */ = {
			isa = XCBuildConfiguration;
			buildSettings = {
				ALWAYS_EMBED_SWIFT_STANDARD_LIBRARIES = YES;
				CODE_SIGN_STYLE = Automatic;
				INFOPLIST_FILE = HBOUITests/Info.plist;
				LD_RUNPATH_SEARCH_PATHS = (
					"$(inherited)",
					"@executable_path/Frameworks",
					"@loader_path/Frameworks",
				);
				PRODUCT_BUNDLE_IDENTIFIER = com.hbo.mobileApp.HBOUITests;
				PRODUCT_NAME = "$(TARGET_NAME)";
				SWIFT_VERSION = 5.0;
				TARGETED_DEVICE_FAMILY = "1,2";
				TEST_TARGET_NAME = HBO;
			};
			name = Debug;
		};
		3F7E5E8023CDFC2C00AF818F /* Release */ = {
			isa = XCBuildConfiguration;
			buildSettings = {
				ALWAYS_EMBED_SWIFT_STANDARD_LIBRARIES = YES;
				CODE_SIGN_STYLE = Automatic;
				INFOPLIST_FILE = HBOUITests/Info.plist;
				LD_RUNPATH_SEARCH_PATHS = (
					"$(inherited)",
					"@executable_path/Frameworks",
					"@loader_path/Frameworks",
				);
				PRODUCT_BUNDLE_IDENTIFIER = com.hbo.mobileApp.HBOUITests;
				PRODUCT_NAME = "$(TARGET_NAME)";
				SWIFT_VERSION = 5.0;
				TARGETED_DEVICE_FAMILY = "1,2";
				TEST_TARGET_NAME = HBO;
			};
			name = Release;
		};
/* End XCBuildConfiguration section */

/* Begin XCConfigurationList section */
		3F7E5E4B23CDFC2A00AF818F /* Build configuration list for PBXProject "HBO" */ = {
			isa = XCConfigurationList;
			buildConfigurations = (
				3F7E5E7623CDFC2C00AF818F /* Debug */,
				3F7E5E7723CDFC2C00AF818F /* Release */,
			);
			defaultConfigurationIsVisible = 0;
			defaultConfigurationName = Release;
		};
		3F7E5E7823CDFC2C00AF818F /* Build configuration list for PBXNativeTarget "HBO" */ = {
			isa = XCConfigurationList;
			buildConfigurations = (
				3F7E5E7923CDFC2C00AF818F /* Debug */,
				3F7E5E7A23CDFC2C00AF818F /* Release */,
			);
			defaultConfigurationIsVisible = 0;
			defaultConfigurationName = Release;
		};
		3F7E5E7B23CDFC2C00AF818F /* Build configuration list for PBXNativeTarget "HBOTests" */ = {
			isa = XCConfigurationList;
			buildConfigurations = (
				3F7E5E7C23CDFC2C00AF818F /* Debug */,
				3F7E5E7D23CDFC2C00AF818F /* Release */,
			);
			defaultConfigurationIsVisible = 0;
			defaultConfigurationName = Release;
		};
		3F7E5E7E23CDFC2C00AF818F /* Build configuration list for PBXNativeTarget "HBOUITests" */ = {
			isa = XCConfigurationList;
			buildConfigurations = (
				3F7E5E7F23CDFC2C00AF818F /* Debug */,
				3F7E5E8023CDFC2C00AF818F /* Release */,
			);
			defaultConfigurationIsVisible = 0;
			defaultConfigurationName = Release;
		};
/* End XCConfigurationList section */
	};
	rootObject = 3F7E5E4823CDFC2A00AF818F /* Project object */;
}
